[ "httpotion": {:git, "git://github.com/pragdave/httpotion.git", "3939fc28c7c5cbeaeeb8bb775d0a26c222468d7f", []},
  "ibrowse": {:git, "git://github.com/cmullaparthi/ibrowse.git", "108c131d782c693bd3e26a6587da8196ef9282e3", []},
  "jsx": {:git, "git://github.com/talentdeficit/jsx.git", "9cb8703beecaf4c39e3dbfa293c747a0e7aa6450", []} ]
